<?xml version="1.0" encoding="utf-8"?>
<Project ToolsVersion="4.0" xmlns="http://schemas.microsoft.com/developer/msbuild/2003">
  <ItemGroup>
    <Filter Include="Source Files">
      <UniqueIdentifier>{4FC737F1-C7A5-4376-A066-2A32D752A2FF}</UniqueIdentifier>
      <Extensions>cpp;c;cc;cxx;c++;cppm;ixx;def;odl;idl;hpj;bat;asm;asmx</Extensions>
    </Filter>
    <Filter Include="Header Files">
      <UniqueIdentifier>{93995380-89BD-4b04-88EB-625FBE52EBFB}</UniqueIdentifier>
      <Extensions>h;hh;hpp;hxx;h++;hm;inl;inc;ipp;xsd</Extensions>
    </Filter>
    <Filter Include="Resource Files">
      <UniqueIdentifier>{67DA6AB6-F800-4c08-8B7A-83BB121AAD01}</UniqueIdentifier>
      <Extensions>rc;ico;cur;bmp;dlg;rc2;rct;bin;rgs;gif;jpg;jpeg;jpe;resx;tiff;tif;png;wav;mfcribbon-ms</Extensions>
    </Filter>
    <Filter Include="Header Files\Window">
      <UniqueIdentifier>{158be7af-7eaf-4653-a02f-826de7ef1326}</UniqueIdentifier>
    </Filter>
    <Filter Include="Header Files\Util">
      <UniqueIdentifier>{a51ac13f-91af-44a4-9c18-3d9a42e32f71}</UniqueIdentifier>
    </Filter>
    <Filter Include="Header Files\Chart">
      <UniqueIdentifier>{f7e94567-2f3a-4977-b569-7b2153696a28}</UniqueIdentifier>
    </Filter>
    <Filter Include="Header Files\Style">
      <UniqueIdentifier>{344808b9-7e8a-430f-91c5-8b57488af179}</UniqueIdentifier>
    </Filter>
    <Filter Include="Header Files\Rendering">
      <UniqueIdentifier>{e186402d-21a2-48fe-96d1-22978053c793}</UniqueIdentifier>
    </Filter>
    <Filter Include="Header Files\OpenGL">
      <UniqueIdentifier>{bef9ab48-06b9-489c-a0d1-cd6467201af8}</UniqueIdentifier>
    </Filter>
    <Filter Include="Source Files\Chart">
      <UniqueIdentifier>{09b10dc8-877d-4634-be59-22b3a2b45a5b}</UniqueIdentifier>
    </Filter>
    <Filter Include="Source Files\OpenGL">
      <UniqueIdentifier>{9a30834f-1a5c-4cbf-868e-0d3b7c1dd5ff}</UniqueIdentifier>
    </Filter>
    <Filter Include="Source Files\Rendering">
      <UniqueIdentifier>{80492e5f-2009-4df7-9f23-8e13e13824be}</UniqueIdentifier>
    </Filter>
    <Filter Include="Source Files\Style">
      <UniqueIdentifier>{1e995f71-9395-4163-a20c-8d709186d2d9}</UniqueIdentifier>
    </Filter>
    <Filter Include="Source Files\Util">
      <UniqueIdentifier>{5f66e1b2-b7db-49c8-ae8e-7e5ba85727de}</UniqueIdentifier>
    </Filter>
    <Filter Include="Source Files\Window">
      <UniqueIdentifier>{11287bc9-cbce-45bc-a20f-8b456da12107}</UniqueIdentifier>
    </Filter>
  </ItemGroup>
  <ItemGroup>
    <ClCompile Include="ChartDemo.cpp">
      <Filter>Source Files</Filter>
    </ClCompile>
    <ClCompile Include="Application.cpp">
      <Filter>Source Files</Filter>
    </ClCompile>
    <ClCompile Include="Stats.cpp">
      <Filter>Source Files</Filter>
    </ClCompile>
    <ClCompile Include="ScatterChart.cpp">
      <Filter>Source Files\Chart</Filter>
    </ClCompile>
    <ClCompile Include="LineChart.cpp">
      <Filter>Source Files\Chart</Filter>
    </ClCompile>
    <ClCompile Include="Chart.cpp">
      <Filter>Source Files\Chart</Filter>
    </ClCompile>
    <ClCompile Include="Window.cpp">
      <Filter>Source Files\Window</Filter>
    </ClCompile>
    <ClCompile Include="MainWindow.cpp">
      <Filter>Source Files\Window</Filter>
    </ClCompile>
    <ClCompile Include="Toolbar.cpp">
      <Filter>Source Files\Window</Filter>
    </ClCompile>
    <ClCompile Include="Button.cpp">
      <Filter>Source Files\Window</Filter>
    </ClCompile>
    <ClCompile Include="Canvas.cpp">
      <Filter>Source Files\Window</Filter>
    </ClCompile>
    <ClCompile Include="ButtonStyle.cpp">
      <Filter>Source Files\Style</Filter>
    </ClCompile>
    <ClCompile Include="ClassStyle.cpp">
      <Filter>Source Files\Style</Filter>
    </ClCompile>
    <ClCompile Include="ExtendedWindowStyle.cpp">
      <Filter>Source Files\Style</Filter>
    </ClCompile>
    <ClCompile Include="WindowStyle.cpp">
      <Filter>Source Files\Style</Filter>
    </ClCompile>
    <ClCompile Include="D2DRenderTarget.cpp">
      <Filter>Source Files\Rendering</Filter>
    </ClCompile>
    <ClCompile Include="OpenGlRenderTarget.cpp">
      <Filter>Source Files\Rendering</Filter>
    </ClCompile>
    <ClCompile Include="RenderTarget.cpp">
      <Filter>Source Files\Rendering</Filter>
    </ClCompile>
    <ClCompile Include="Shader.cpp">
      <Filter>Source Files\OpenGL</Filter>
    </ClCompile>
    <ClCompile Include="Program.cpp">
      <Filter>Source Files\OpenGL</Filter>
    </ClCompile>
    <ClCompile Include="File.cpp">
      <Filter>Source Files\Util</Filter>
    </ClCompile>
    <ClCompile Include="Color.cpp">
      <Filter>Source Files\Util</Filter>
    </ClCompile>
  </ItemGroup>
  <ItemGroup>
    <ClInclude Include="Application.h">
      <Filter>Header Files</Filter>
    </ClInclude>
    <ClInclude Include="Constants.h">
      <Filter>Header Files</Filter>
    </ClInclude>
    <ClInclude Include="Stats.h">
      <Filter>Header Files</Filter>
    </ClInclude>
    <ClInclude Include="Window.h">
      <Filter>Header Files\Window</Filter>
    </ClInclude>
    <ClInclude Include="MainWindow.h">
      <Filter>Header Files\Window</Filter>
    </ClInclude>
    <ClInclude Include="Toolbar.h">
      <Filter>Header Files\Window</Filter>
    </ClInclude>
    <ClInclude Include="Button.h">
      <Filter>Header Files\Window</Filter>
    </ClInclude>
    <ClInclude Include="Canvas.h">
      <Filter>Header Files\Window</Filter>
    </ClInclude>
    <ClInclude Include="Color.h">
      <Filter>Header Files\Util</Filter>
    </ClInclude>
    <ClInclude Include="File.h">
      <Filter>Header Files\Util</Filter>
    </ClInclude>
    <ClInclude Include="Line.h">
      <Filter>Header Files\Util</Filter>
    </ClInclude>
    <ClInclude Include="Rectangle.h">
      <Filter>Header Files\Util</Filter>
    </ClInclude>
    <ClInclude Include="Size.h">
      <Filter>Header Files\Util</Filter>
    </ClInclude>
    <ClInclude Include="Chart.h">
      <Filter>Header Files\Chart</Filter>
    </ClInclude>
    <ClInclude Include="LineChart.h">
      <Filter>Header Files\Chart</Filter>
    </ClInclude>
    <ClInclude Include="ScatterChart.h">
      <Filter>Header Files\Chart</Filter>
    </ClInclude>
    <ClInclude Include="ButtonStyle.h">
      <Filter>Header Files\Style</Filter>
    </ClInclude>
    <ClInclude Include="WindowStyle.h">
      <Filter>Header Files\Style</Filter>
    </ClInclude>
    <ClInclude Include="ExtendedWindowStyle.h">
      <Filter>Header Files\Style</Filter>
    </ClInclude>
    <ClInclude Include="ClassStyle.h">
      <Filter>Header Files\Style</Filter>
    </ClInclude>
    <ClInclude Include="Drawable.h">
      <Filter>Header Files\Rendering</Filter>
    </ClInclude>
    <ClInclude Include="RenderTarget.h">
      <Filter>Header Files\Rendering</Filter>
    </ClInclude>
    <ClInclude Include="D2DRenderTarget.h">
      <Filter>Header Files\Rendering</Filter>
    </ClInclude>
    <ClInclude Include="OpenGlRenderTarget.h">
      <Filter>Header Files\Rendering</Filter>
    </ClInclude>
    <ClInclude Include="Program.h">
      <Filter>Header Files\OpenGL</Filter>
    </ClInclude>
    <ClInclude Include="Shader.h">
      <Filter>Header Files\OpenGL</Filter>
    </ClInclude>
    <ClInclude Include="Point.h">
      <Filter>Header Files\Util</Filter>
    </ClInclude>
  </ItemGroup>
  <ItemGroup>
    <None Include="line_shader.vs">
      <Filter>Resource Files</Filter>
    </None>
    <None Include="circle_shader.vs">
      <Filter>Resource Files</Filter>
    </None>
    <None Include="color_shader.fs">
      <Filter>Resource Files</Filter>
    </None>
  </ItemGroup>
</Project>